{
  "name": "@corilus/kernel",
  "version": "0.1.0",
  "lockfileVersion": 3,
  "requires": true,
  "packages": {
    "": {
      "name": "@corilus/kernel",
      "version": "0.1.0",
      "dependencies": {
        "@awesome.me/kit-c983fdf9da": "^1.0.5"
      },
      "bin": {
        "kernel": "bin/kernel.mjs"
      },
      "peerDependencies": {
        "@base-ui-components/react": "*",
        "react": "*",
        "react-dom": "*"
      }
    },
    "node_modules/@awesome.me/kit-c983fdf9da": {
      "version": "1.0.5",
      "resolved": "https://npm.fontawesome.com/@awesome.me/kit-c983fdf9da/-/kit-c983fdf9da-1.0.5.tgz",
      "integrity": "sha512-piphlstfE1XDgtF0OKLW0jP2DXLkwOMYzS9Btzu7IXEvX0/Y2bQ3kj/XkPZ6DQkZFyyH6h8b0zoJNDV7JDBX+g==",
      "license": "UNLICENSED",
      "dependencies": {
        "@fortawesome/fontawesome-common-types": "^7.3.0"
      },
      "engines": {
        "node": ">=16"
      }
    },
    "node_modules/@fortawesome/fontawesome-common-types": {
      "version": "7.3.0",
      "resolved": "https://npm.fontawesome.com/@fortawesome/fontawesome-common-types/-/fontawesome-common-types-7.3.0.tgz",
      "integrity": "sha512-X/vND0Y1l9fVJ9O79UgtZnXSpz4aNF3bXlDxiJAEAm6kgeSftp9wjjBPgqzazJV8YlmxfRoeXNfSCJ48sf/Hhw==",
      "license": "MIT",
      "engines": {
        "node": ">=6"
      }
    }
  }
}
